
Microsoft Visual Studio Solution File, Format Version 12.00
# Visual Studio Version 17
VisualStudioVersion = 17.6.33829.357
MinimumVisualStudioVersion = 10.0.40219.1
Project("{FAE04EC0-301F-11D3-BF4B-00C04F79EFBC}") = "Filmy", "Filmy\Filmy.csproj", "{EF64FEF3-5164-4818-BC6F-CD9CAB967396}"
EndProject
Global
	GlobalSection(SolutionConfigurationPlatforms) = preSolution
		Debug|Any CPU = Debug|Any CPU
		Release|Any CPU = Release|Any CPU
	EndGlobalSection
	GlobalSection(ProjectConfigurationPlatforms) = postSolution
		{EF64FEF3-5164-4818-BC6F-CD9CAB967396}.Debug|Any CPU.ActiveCfg = Debug|Any CPU
		{EF64FEF3-5164-4818-BC6F-CD9CAB967396}.Debug|Any CPU.Build.0 = Debug|Any CPU
		{EF64FEF3-5164-4818-BC6F-CD9CAB967396}.Release|Any CPU.ActiveCfg = Release|Any CPU
		{EF64FEF3-5164-4818-BC6F-CD9CAB967396}.Release|Any CPU.Build.0 = Release|Any CPU
	EndGlobalSection
	GlobalSection(SolutionProperties) = preSolution
		HideSolutionNode = FALSE
	EndGlobalSection
	GlobalSection(ExtensibilityGlobals) = postSolution
		SolutionGuid = {BB9FCDAF-BEF9-4469-8583-527D821D8A8F}
	EndGlobalSection
EndGlobal
